
Microsoft Visual Studio Solution File, Format Version 12.00
# Visual Studio 2013
VisualStudioVersion = 12.0.21005.1
MinimumVisualStudioVersion = 10.0.40219.1
Project("{8BC9CEB8-8B4A-11D0-8D11-00A0C91BC942}") = "WeighingManager", "WeighingManager\WeighingManager.vcxproj", "{7159C809-7F2B-4504-8EF9-B0E133F8FDF9}"
	ProjectSection(ProjectDependencies) = postProject
		{6614FB10-69F9-4E6B-B796-E50330149BF4} = {6614FB10-69F9-4E6B-B796-E50330149BF4}
		{9F0AA1DC-50E2-4994-95EE-7078224E9CC0} = {9F0AA1DC-50E2-4994-95EE-7078224E9CC0}
	EndProjectSection
EndProject
Project("{8BC9CEB8-8B4A-11D0-8D11-00A0C91BC942}") = "ledcontrlolApi", "ledcontrlolApi\ledcontrlolApi.vcxproj", "{960FD174-64D3-4809-AF6F-42D709FBC675}"
EndProject
Project("{8BC9CEB8-8B4A-11D0-8D11-00A0C91BC942}") = "poundscontrolApi", "poundscontrolApi\poundscontrolApi.vcxproj", "{988DD1F0-5EC6-4E7C-A0EB-F1C5BD40A612}"
EndProject
Project("{8BC9CEB8-8B4A-11D0-8D11-00A0C91BC942}") = "controlpanelApi", "controlpanelApi\controlpanelApi.vcxproj", "{D12550AC-4554-4821-915D-EF1F6425E432}"
EndProject
Project("{8BC9CEB8-8B4A-11D0-8D11-00A0C91BC942}") = "rs232commApi", "rs232comm\rs232comm.vcxproj", "{AA627CAB-FA5E-4269-9B2B-3CA59B10CCA0}"
EndProject
Project("{8BC9CEB8-8B4A-11D0-8D11-00A0C91BC942}") = "serialportApi", "serialportApi\serialportApi.vcxproj", "{9F0AA1DC-50E2-4994-95EE-7078224E9CC0}"
EndProject
Project("{8BC9CEB8-8B4A-11D0-8D11-00A0C91BC942}") = "AdoApi", "AdoApi\AdoApi.vcxproj", "{6614FB10-69F9-4E6B-B796-E50330149BF4}"
EndProject
Global
	GlobalSection(SolutionConfigurationPlatforms) = preSolution
		Debug|Win32 = Debug|Win32
		Release|Win32 = Release|Win32
	EndGlobalSection
	GlobalSection(ProjectConfigurationPlatforms) = postSolution
		{7159C809-7F2B-4504-8EF9-B0E133F8FDF9}.Debug|Win32.ActiveCfg = Debug|Win32
		{7159C809-7F2B-4504-8EF9-B0E133F8FDF9}.Debug|Win32.Build.0 = Debug|Win32
		{7159C809-7F2B-4504-8EF9-B0E133F8FDF9}.Release|Win32.ActiveCfg = Release|Win32
		{7159C809-7F2B-4504-8EF9-B0E133F8FDF9}.Release|Win32.Build.0 = Release|Win32
		{960FD174-64D3-4809-AF6F-42D709FBC675}.Debug|Win32.ActiveCfg = Debug|Win32
		{960FD174-64D3-4809-AF6F-42D709FBC675}.Debug|Win32.Build.0 = Debug|Win32
		{960FD174-64D3-4809-AF6F-42D709FBC675}.Release|Win32.ActiveCfg = Release|Win32
		{960FD174-64D3-4809-AF6F-42D709FBC675}.Release|Win32.Build.0 = Release|Win32
		{988DD1F0-5EC6-4E7C-A0EB-F1C5BD40A612}.Debug|Win32.ActiveCfg = Debug|Win32
		{988DD1F0-5EC6-4E7C-A0EB-F1C5BD40A612}.Debug|Win32.Build.0 = Debug|Win32
		{988DD1F0-5EC6-4E7C-A0EB-F1C5BD40A612}.Release|Win32.ActiveCfg = Release|Win32
		{988DD1F0-5EC6-4E7C-A0EB-F1C5BD40A612}.Release|Win32.Build.0 = Release|Win32
		{D12550AC-4554-4821-915D-EF1F6425E432}.Debug|Win32.ActiveCfg = Debug|Win32
		{D12550AC-4554-4821-915D-EF1F6425E432}.Debug|Win32.Build.0 = Debug|Win32
		{D12550AC-4554-4821-915D-EF1F6425E432}.Release|Win32.ActiveCfg = Release|Win32
		{D12550AC-4554-4821-915D-EF1F6425E432}.Release|Win32.Build.0 = Release|Win32
		{AA627CAB-FA5E-4269-9B2B-3CA59B10CCA0}.Debug|Win32.ActiveCfg = Debug|Win32
		{AA627CAB-FA5E-4269-9B2B-3CA59B10CCA0}.Debug|Win32.Build.0 = Debug|Win32
		{AA627CAB-FA5E-4269-9B2B-3CA59B10CCA0}.Release|Win32.ActiveCfg = Release|Win32
		{AA627CAB-FA5E-4269-9B2B-3CA59B10CCA0}.Release|Win32.Build.0 = Release|Win32
		{9F0AA1DC-50E2-4994-95EE-7078224E9CC0}.Debug|Win32.ActiveCfg = Debug|Win32
		{9F0AA1DC-50E2-4994-95EE-7078224E9CC0}.Debug|Win32.Build.0 = Debug|Win32
		{9F0AA1DC-50E2-4994-95EE-7078224E9CC0}.Release|Win32.ActiveCfg = Release|Win32
		{9F0AA1DC-50E2-4994-95EE-7078224E9CC0}.Release|Win32.Build.0 = Release|Win32
		{6614FB10-69F9-4E6B-B796-E50330149BF4}.Debug|Win32.ActiveCfg = Debug|Win32
		{6614FB10-69F9-4E6B-B796-E50330149BF4}.Debug|Win32.Build.0 = Debug|Win32
		{6614FB10-69F9-4E6B-B796-E50330149BF4}.Release|Win32.ActiveCfg = Release|Win32
		{6614FB10-69F9-4E6B-B796-E50330149BF4}.Release|Win32.Build.0 = Release|Win32
	EndGlobalSection
	GlobalSection(SolutionProperties) = preSolution
		HideSolutionNode = FALSE
	EndGlobalSection
EndGlobal
