<?xml version="1.0" encoding="utf-8"?>
<Project ToolsVersion="4.0" xmlns="http://schemas.microsoft.com/developer/msbuild/2003">
  <ItemGroup>
    <Filter Include="源文件">
      <UniqueIdentifier>{4FC737F1-C7A5-4376-A066-2A32D752A2FF}</UniqueIdentifier>
      <Extensions>cpp;c;cc;cxx;def;odl;idl;hpj;bat;asm;asmx</Extensions>
    </Filter>
    <Filter Include="头文件">
      <UniqueIdentifier>{93995380-89BD-4b04-88EB-625FBE52EBFB}</UniqueIdentifier>
      <Extensions>h;hh;hpp;hxx;hm;inl;inc;xsd</Extensions>
    </Filter>
    <Filter Include="资源文件">
      <UniqueIdentifier>{67DA6AB6-F800-4c08-8B7A-83BB121AAD01}</UniqueIdentifier>
      <Extensions>rc;ico;cur;bmp;dlg;rc2;rct;bin;rgs;gif;jpg;jpeg;jpe;resx;tiff;tif;png;wav;mfcribbon-ms</Extensions>
    </Filter>
  </ItemGroup>
  <ItemGroup>
    <Text Include="ReadMe.txt" />
  </ItemGroup>
  <ItemGroup>
    <ClInclude Include="WeighingManager.h">
      <Filter>头文件</Filter>
    </ClInclude>
    <ClInclude Include="WeighingManagerDlg.h">
      <Filter>头文件</Filter>
    </ClInclude>
    <ClInclude Include="stdafx.h">
      <Filter>头文件</Filter>
    </ClInclude>
    <ClInclude Include="targetver.h">
      <Filter>头文件</Filter>
    </ClInclude>
    <ClInclude Include="Resource.h">
      <Filter>头文件</Filter>
    </ClInclude>
    <ClInclude Include="LoginDlg.h">
      <Filter>头文件</Filter>
    </ClInclude>
    <ClInclude Include="CToolBarEx.h">
      <Filter>头文件</Filter>
    </ClInclude>
    <ClInclude Include="DrawAppearance.h">
      <Filter>头文件</Filter>
    </ClInclude>
    <ClInclude Include="ConfigFile.h">
      <Filter>头文件</Filter>
    </ClInclude>
    <ClInclude Include="SysParametrSet.h">
      <Filter>头文件</Filter>
    </ClInclude>
    <ClInclude Include="ControlPanel.h">
      <Filter>头文件</Filter>
    </ClInclude>
    <ClInclude Include="LprControl.h">
      <Filter>头文件</Filter>
    </ClInclude>
    <ClInclude Include="OutputWin.h">
      <Filter>头文件</Filter>
    </ClInclude>
    <ClInclude Include="GDIDraw.h">
      <Filter>头文件</Filter>
    </ClInclude>
    <ClInclude Include="InteractViewer.h">
      <Filter>头文件</Filter>
    </ClInclude>
    <ClInclude Include="globalobject.h">
      <Filter>头文件</Filter>
    </ClInclude>
    <ClInclude Include="ProcessBar.h">
      <Filter>头文件</Filter>
    </ClInclude>
  </ItemGroup>
  <ItemGroup>
    <ClCompile Include="WeighingManager.cpp">
      <Filter>源文件</Filter>
    </ClCompile>
    <ClCompile Include="WeighingManagerDlg.cpp">
      <Filter>源文件</Filter>
    </ClCompile>
    <ClCompile Include="stdafx.cpp">
      <Filter>源文件</Filter>
    </ClCompile>
    <ClCompile Include="LoginDlg.cpp">
      <Filter>源文件</Filter>
    </ClCompile>
    <ClCompile Include="CToolBarEx.cpp">
      <Filter>源文件</Filter>
    </ClCompile>
    <ClCompile Include="DrawAppearance.cpp">
      <Filter>源文件</Filter>
    </ClCompile>
    <ClCompile Include="ConfigFile.cpp">
      <Filter>源文件</Filter>
    </ClCompile>
    <ClCompile Include="SysParametrSet.cpp">
      <Filter>源文件</Filter>
    </ClCompile>
    <ClCompile Include="ControlPanel.cpp">
      <Filter>源文件</Filter>
    </ClCompile>
    <ClCompile Include="LprControl.cpp">
      <Filter>源文件</Filter>
    </ClCompile>
    <ClCompile Include="OutputWin.cpp">
      <Filter>源文件</Filter>
    </ClCompile>
    <ClCompile Include="GDIDraw.cpp">
      <Filter>源文件</Filter>
    </ClCompile>
    <ClCompile Include="InteractViewer.cpp">
      <Filter>源文件</Filter>
    </ClCompile>
    <ClCompile Include="ProcessBar.cpp">
      <Filter>源文件</Filter>
    </ClCompile>
  </ItemGroup>
  <ItemGroup>
    <ResourceCompile Include="WeighingManager.rc">
      <Filter>资源文件</Filter>
    </ResourceCompile>
  </ItemGroup>
  <ItemGroup>
    <None Include="res\WeighingManager.rc2">
      <Filter>资源文件</Filter>
    </None>
  </ItemGroup>
  <ItemGroup>
    <Image Include="res\WeighingManager.ico">
      <Filter>资源文件</Filter>
    </Image>
    <Image Include="res\IDI_ICON1.ico">
      <Filter>资源文件</Filter>
    </Image>
    <Image Include="res\IDI_ICON3.ico">
      <Filter>资源文件</Filter>
    </Image>
    <Image Include="res\IDI_ICON5.ico">
      <Filter>资源文件</Filter>
    </Image>
    <Image Include="res\IDI_ICON7.ico">
      <Filter>资源文件</Filter>
    </Image>
    <Image Include="res\offline.bmp">
      <Filter>资源文件</Filter>
    </Image>
    <Image Include="res\online.bmp">
      <Filter>资源文件</Filter>
    </Image>
    <Image Include="res\error1.ico">
      <Filter>资源文件</Filter>
    </Image>
    <Image Include="res\ok1.ico">
      <Filter>资源文件</Filter>
    </Image>
  </ItemGroup>
</Project>